
Microsoft Visual Studio Solution File, Format Version 12.00
# Visual Studio 15
VisualStudioVersion = 15.0.28307.329
MinimumVisualStudioVersion = 10.0.40219.1
Project("{FAE04EC0-301F-11D3-BF4B-00C04F79EFBC}") = "1 семестровка 2.0", "1 семестровка 2.0\1 семестровка 2.0.csproj", "{48C698CD-E25E-48B5-8FB4-407F8B8DCC22}"
EndProject
Global
	GlobalSection(SolutionConfigurationPlatforms) = preSolution
		Debug|Any CPU = Debug|Any CPU
		Release|Any CPU = Release|Any CPU
	EndGlobalSection
	GlobalSection(ProjectConfigurationPlatforms) = postSolution
		{48C698CD-E25E-48B5-8FB4-407F8B8DCC22}.Debug|Any CPU.ActiveCfg = Debug|Any CPU
		{48C698CD-E25E-48B5-8FB4-407F8B8DCC22}.Debug|Any CPU.Build.0 = Debug|Any CPU
		{48C698CD-E25E-48B5-8FB4-407F8B8DCC22}.Release|Any CPU.ActiveCfg = Release|Any CPU
		{48C698CD-E25E-48B5-8FB4-407F8B8DCC22}.Release|Any CPU.Build.0 = Release|Any CPU
	EndGlobalSection
	GlobalSection(SolutionProperties) = preSolution
		HideSolutionNode = FALSE
	EndGlobalSection
	GlobalSection(ExtensibilityGlobals) = postSolution
		SolutionGuid = {B0CEC58A-0316-4C5C-985B-C7274101349F}
	EndGlobalSection
EndGlobal
